{
    "_readme": [
        "This file locks the dependencies of your project to a known state",
        "Read more about it at http://getcomposer.org/doc/01-basic-usage.md#composer-lock-the-lock-file",
        "This file is @generated automatically"
    ],
    "hash": "a9ff2505dfd1a074e41c8e4fea6136b4",
    "packages": [
        {
            "name": "ivkos/pushbullet",
            "version": "dev-master",
            "source": {
                "type": "git",
                "url": "https://github.com/ivkos/Pushbullet-for-PHP.git",
                "reference": "cfde6d9ee4505ba6dcf0b3a23fb8fc7f1f47fb50"
            },
            "dist": {
                "type": "zip",
                "url": "https://api.github.com/repos/ivkos/Pushbullet-for-PHP/zipball/cfde6d9ee4505ba6dcf0b3a23fb8fc7f1f47fb50",
                "reference": "cfde6d9ee4505ba6dcf0b3a23fb8fc7f1f47fb50",
                "shasum": ""
            },
            "require": {
                "ext-curl": "*",
                "php": ">= 5.4.0"
            },
            "type": "library",
            "autoload": {
                "psr-4": {
                    "Pushbullet\\": "src/Pushbullet"
                }
            },
            "notification-url": "https://packagist.org/downloads/",
            "license": [
                "MIT"
            ],
            "authors": [
                {
                    "name": "Ivaylo Stoyanov",
                    "email": "me@ivkos.com",
                    "homepage": "https://github.com/ivkos"
                }
            ],
            "description": "Push notifications to devices and browsers via Pushbullet",
            "homepage": "https://github.com/ivkos/Pushbullet-for-PHP",
            "keywords": [
                "android",
                "chrome",
                "firefox",
                "iphone",
                "notifications",
                "push",
                "pushbullet",
                "windows"
            ],
            "time": "2015-05-23 13:55:11"
        }
    ],
    "packages-dev": [],
    "aliases": [],
    "minimum-stability": "dev",
    "stability-flags": {
        "ivkos/pushbullet": 20
    },
    "prefer-stable": false,
    "prefer-lowest": false,
    "platform": [],
    "platform-dev": []
}
